
Microsoft Visual Studio Solution File, Format Version 12.00
# Visual Studio Version 17
VisualStudioVersion = 17.9.34622.214
MinimumVisualStudioVersion = 10.0.40219.1
Project("{8BC9CEB8-8B4A-11D0-8D11-00A0C91BC942}") = "HelloWorld", "HelloWorld.vcxproj", "{5DB7EE4A-ED97-4365-B628-280F58738121}"
EndProject
Global
	GlobalSection(SolutionConfigurationPlatforms) = preSolution
		Debug|x64 = Debug|x64
		Debug|x86 = Debug|x86
		Release|x64 = Release|x64
		Release|x86 = Release|x86
	EndGlobalSection
	GlobalSection(ProjectConfigurationPlatforms) = postSolution
		{5DB7EE4A-ED97-4365-B628-280F58738121}.Debug|x64.ActiveCfg = Debug|x64
		{5DB7EE4A-ED97-4365-B628-280F58738121}.Debug|x64.Build.0 = Debug|x64
		{5DB7EE4A-ED97-4365-B628-280F58738121}.Debug|x86.ActiveCfg = Debug|Win32
		{5DB7EE4A-ED97-4365-B628-280F58738121}.Debug|x86.Build.0 = Debug|Win32
		{5DB7EE4A-ED97-4365-B628-280F58738121}.Release|x64.ActiveCfg = Release|x64
		{5DB7EE4A-ED97-4365-B628-280F58738121}.Release|x64.Build.0 = Release|x64
		{5DB7EE4A-ED97-4365-B628-280F58738121}.Release|x86.ActiveCfg = Release|Win32
		{5DB7EE4A-ED97-4365-B628-280F58738121}.Release|x86.Build.0 = Release|Win32
	EndGlobalSection
	GlobalSection(SolutionProperties) = preSolution
		HideSolutionNode = FALSE
	EndGlobalSection
	GlobalSection(ExtensibilityGlobals) = postSolution
		SolutionGuid = {CFED6420-7605-4B6D-AB9A-80928102CFD3}
	EndGlobalSection
EndGlobal
